{
  "nodes": {
    "agenix": {
      "inputs": {
        "darwin": "darwin",
        "home-manager": "home-manager",
        "nixpkgs": "nixpkgs",
        "systems": "systems"
      },
      "locked": {
        "lastModified": 1770165109,
        "narHash": "sha256-9VnK6Oqai65puVJ4WYtCTvlJeXxMzAp/69HhQuTdl/I=",
        "owner": "ryantm",
        "repo": "agenix",
        "rev": "b027ee29d959fda4b60b57566d64c98a202e0feb",
        "type": "github"
      },
      "original": {
        "owner": "ryantm",
        "repo": "agenix",
        "type": "github"
      }
    },
    "darwin": {
      "inputs": {
        "nixpkgs": [
          "agenix",
          "nixpkgs"
        ]
      },
      "locked": {
        "lastModified": 1744478979,
        "narHash": "sha256-dyN+teG9G82G+m+PX/aSAagkC+vUv0SgUw3XkPhQodQ=",
        "owner": "lnl7",
        "repo": "nix-darwin",
        "rev": "43975d782b418ebf4969e9ccba82466728c2851b",
        "type": "github"
      },
      "original": {
        "owner": "lnl7",
        "ref": "master",
        "repo": "nix-darwin",
        "type": "github"
      }
    },
    "disko": {
      "inputs": {
        "nixpkgs": [
          "nixpkgs"
        ]
      },
      "locked": {
        "lastModified": 1773506317,
        "narHash": "sha256-qWKbLUJpavIpvOdX1fhHYm0WGerytFHRoh9lVck6Bh0=",
        "owner": "nix-community",
        "repo": "disko",
        "rev": "878ec37d6a8f52c6c801d0e2a2ad554c75b9353c",
        "type": "github"
      },
      "original": {
        "owner": "nix-community",
        "repo": "disko",
        "type": "github"
      }
    },
    "fetching": {
      "inputs": {
        "fetching-cli": "fetching-cli",
        "flake-utils": "flake-utils_2",
        "nixpkgs": [
          "nixpkgs"
        ]
      },
      "locked": {
        "lastModified": 1773046027,
        "narHash": "sha256-bnFsuapWgNeBSFUk3Kx5B75x7hpCSaYtoGUQhC03gXU=",
        "owner": "halfdane",
        "repo": "fetching",
        "rev": "fb37f8dbaec42fee96ff6797891497e5dfa794f2",
        "type": "github"
      },
      "original": {
        "owner": "halfdane",
        "repo": "fetching",
        "type": "github"
      }
    },
    "fetching-cli": {
      "inputs": {
        "flake-utils": "flake-utils",
        "nixpkgs": "nixpkgs_2",
        "rust-overlay": "rust-overlay"
      },
      "locked": {
        "lastModified": 1772647914,
        "narHash": "sha256-GxG88JaS6OBB8lexyrNSYboYIJh25DHh/o48mHJrpr8=",
        "owner": "halfdane",
        "repo": "fetching-cli",
        "rev": "8c05a0d8673b52efce285843aea802a98f28b6e2",
        "type": "github"
      },
      "original": {
        "owner": "halfdane",
        "repo": "fetching-cli",
        "type": "github"
      }
    },
    "flake-utils": {
      "inputs": {
        "systems": "systems_2"
      },
      "locked": {
        "lastModified": 1731533236,
        "narHash": "sha256-l0KFg5HjrsfsO/JpG+r7fRrqm12kzFHyUHqHCVpMMbI=",
        "owner": "numtide",
        "repo": "flake-utils",
        "rev": "11707dc2f618dd54ca8739b309ec4fc024de578b",
        "type": "github"
      },
      "original": {
        "owner": "numtide",
        "repo": "flake-utils",
        "type": "github"
      }
    },
    "flake-utils_2": {
      "inputs": {
        "systems": "systems_3"
      },
      "locked": {
        "lastModified": 1731533236,
        "narHash": "sha256-l0KFg5HjrsfsO/JpG+r7fRrqm12kzFHyUHqHCVpMMbI=",
        "owner": "numtide",
        "repo": "flake-utils",
        "rev": "11707dc2f618dd54ca8739b309ec4fc024de578b",
        "type": "github"
      },
      "original": {
        "owner": "numtide",
        "repo": "flake-utils",
        "type": "github"
      }
    },
    "flake-utils_3": {
      "inputs": {
        "systems": "systems_4"
      },
      "locked": {
        "lastModified": 1731533236,
        "narHash": "sha256-l0KFg5HjrsfsO/JpG+r7fRrqm12kzFHyUHqHCVpMMbI=",
        "owner": "numtide",
        "repo": "flake-utils",
        "rev": "11707dc2f618dd54ca8739b309ec4fc024de578b",
        "type": "github"
      },
      "original": {
        "owner": "numtide",
        "repo": "flake-utils",
        "type": "github"
      }
    },
    "flake-utils_4": {
      "inputs": {
        "systems": "systems_5"
      },
      "locked": {
        "lastModified": 1731533236,
        "narHash": "sha256-l0KFg5HjrsfsO/JpG+r7fRrqm12kzFHyUHqHCVpMMbI=",
        "owner": "numtide",
        "repo": "flake-utils",
        "rev": "11707dc2f618dd54ca8739b309ec4fc024de578b",
        "type": "github"
      },
      "original": {
        "owner": "numtide",
        "repo": "flake-utils",
        "type": "github"
      }
    },
    "home-manager": {
      "inputs": {
        "nixpkgs": [
          "agenix",
          "nixpkgs"
        ]
      },
      "locked": {
        "lastModified": 1745494811,
        "narHash": "sha256-YZCh2o9Ua1n9uCvrvi5pRxtuVNml8X2a03qIFfRKpFs=",
        "owner": "nix-community",
        "repo": "home-manager",
        "rev": "abfad3d2958c9e6300a883bd443512c55dfeb1be",
        "type": "github"
      },
      "original": {
        "owner": "nix-community",
        "repo": "home-manager",
        "type": "github"
      }
    },
    "home-manager_2": {
      "inputs": {
        "nixpkgs": [
          "nixpkgs"
        ]
      },
      "locked": {
        "lastModified": 1773681856,
        "narHash": "sha256-+bRqxoFCJFO9ZTFhcCkzNXbDT3b8AEk88fyjB7Is6eo=",
        "owner": "nix-community",
        "repo": "home-manager",
        "rev": "57d5560ee92a424fb71fde800acd6ed2c725dfce",
        "type": "github"
      },
      "original": {
        "owner": "nix-community",
        "ref": "master",
        "repo": "home-manager",
        "type": "github"
      }
    },
    "home-manager_3": {
      "inputs": {
        "nixpkgs": [
          "plasma-manager",
          "nixpkgs"
        ]
      },
      "locked": {
        "lastModified": 1756579987,
        "narHash": "sha256-duCce8zGsaMsrqqOmLOsuaV1PVIw/vXWnKuLKZClsGg=",
        "owner": "nix-community",
        "repo": "home-manager",
        "rev": "99a69bdf8a3c6bf038c4121e9c4b6e99706a187a",
        "type": "github"
      },
      "original": {
        "owner": "nix-community",
        "repo": "home-manager",
        "type": "github"
      }
    },
    "ilias": {
      "inputs": {
        "flake-utils": "flake-utils_3",
        "nixpkgs": "nixpkgs_3"
      },
      "locked": {
        "lastModified": 1774520107,
        "narHash": "sha256-qgTi7YRfppGZrg4rr/CKsYNDXisfihcDRxPB3VHlkAA=",
        "owner": "halfdane",
        "repo": "ilias",
        "rev": "8296c91b127162db03a517652a0a002568615934",
        "type": "github"
      },
      "original": {
        "owner": "halfdane",
        "repo": "ilias",
        "type": "github"
      }
    },
    "nixarr": {
      "inputs": {
        "nixpkgs": "nixpkgs_4",
        "vpnconfinement": "vpnconfinement",
        "website-builder": "website-builder"
      },
      "locked": {
        "lastModified": 1770542066,
        "narHash": "sha256-RTyyeuvK84WqFah0qUoyq28o2oM7yBfkFIHjFu5h0hc=",
        "owner": "nix-media-server",
        "repo": "nixarr",
        "rev": "7cc521933dc6800ae81ecfc91fe36237476e4ffb",
        "type": "github"
      },
      "original": {
        "owner": "nix-media-server",
        "repo": "nixarr",
        "type": "github"
      }
    },
    "nixos-aarch64-widevine": {
      "inputs": {
        "nixpkgs": "nixpkgs_5"
      },
      "locked": {
        "lastModified": 1712816564,
        "narHash": "sha256-2oPCuv4hox+FDWdUnyjhmSB7d24i0mFH5pJjVJGY6JM=",
        "owner": "epetousis",
        "repo": "nixos-aarch64-widevine",
        "rev": "fa046abfed9ff3b5c1e0a2ae16311a33056056fd",
        "type": "github"
      },
      "original": {
        "owner": "epetousis",
        "repo": "nixos-aarch64-widevine",
        "type": "github"
      }
    },
    "nixpkgs": {
      "locked": {
        "lastModified": 1754028485,
        "narHash": "sha256-IiiXB3BDTi6UqzAZcf2S797hWEPCRZOwyNThJIYhUfk=",
        "owner": "NixOS",
        "repo": "nixpkgs",
        "rev": "59e69648d345d6e8fef86158c555730fa12af9de",
        "type": "github"
      },
      "original": {
        "owner": "NixOS",
        "ref": "nixos-25.05",
        "repo": "nixpkgs",
        "type": "github"
      }
    },
    "nixpkgs_2": {
      "locked": {
        "lastModified": 1751274312,
        "narHash": "sha256-/bVBlRpECLVzjV19t5KMdMFWSwKLtb5RyXdjz3LJT+g=",
        "owner": "NixOS",
        "repo": "nixpkgs",
        "rev": "50ab793786d9de88ee30ec4e4c24fb4236fc2674",
        "type": "github"
      },
      "original": {
        "owner": "NixOS",
        "ref": "nixos-24.11",
        "repo": "nixpkgs",
        "type": "github"
      }
    },
    "nixpkgs_3": {
      "locked": {
        "lastModified": 1751274312,
        "narHash": "sha256-/bVBlRpECLVzjV19t5KMdMFWSwKLtb5RyXdjz3LJT+g=",
        "owner": "NixOS",
        "repo": "nixpkgs",
        "rev": "50ab793786d9de88ee30ec4e4c24fb4236fc2674",
        "type": "github"
      },
      "original": {
        "owner": "NixOS",
        "ref": "nixos-24.11",
        "repo": "nixpkgs",
        "type": "github"
      }
    },
    "nixpkgs_4": {
      "locked": {
        "lastModified": 1765608474,
        "narHash": "sha256-9Wx53UK0z8Di5iesJID0tS1dRKwGxI4i7tsSanOHhF0=",
        "owner": "nixos",
        "repo": "nixpkgs",
        "rev": "28bb483c11a1214a73f9fd2d9928a6e2ea86ec71",
        "type": "github"
      },
      "original": {
        "owner": "nixos",
        "ref": "nixos-25.11",
        "repo": "nixpkgs",
        "type": "github"
      }
    },
    "nixpkgs_5": {
      "locked": {
        "lastModified": 1712122226,
        "narHash": "sha256-pmgwKs8Thu1WETMqCrWUm0CkN1nmCKX3b51+EXsAZyY=",
        "owner": "nixos",
        "repo": "nixpkgs",
        "rev": "08b9151ed40350725eb40b1fe96b0b86304a654b",
        "type": "github"
      },
      "original": {
        "owner": "nixos",
        "ref": "nixos-unstable",
        "repo": "nixpkgs",
        "type": "github"
      }
    },
    "nixpkgs_6": {
      "locked": {
        "lastModified": 1773646010,
        "narHash": "sha256-iYrs97hS7p5u4lQzuNWzuALGIOdkPXvjz7bviiBjUu8=",
        "owner": "NixOS",
        "repo": "nixpkgs",
        "rev": "5b2c2d84341b2afb5647081c1386a80d7a8d8605",
        "type": "github"
      },
      "original": {
        "owner": "NixOS",
        "ref": "nixos-unstable",
        "repo": "nixpkgs",
        "type": "github"
      }
    },
    "plasma-manager": {
      "inputs": {
        "home-manager": "home-manager_3",
        "nixpkgs": [
          "nixpkgs"
        ]
      },
      "locked": {
        "lastModified": 1772361940,
        "narHash": "sha256-B1Cz+ydL1iaOnGlwOFld/C8lBECPtzhiy/pP93/CuyY=",
        "owner": "nix-community",
        "repo": "plasma-manager",
        "rev": "a4b33606111c9c5dcd10009042bb710307174f51",
        "type": "github"
      },
      "original": {
        "owner": "nix-community",
        "repo": "plasma-manager",
        "type": "github"
      }
    },
    "prometheus-renderer": {
      "inputs": {
        "flake-utils": "flake-utils_4",
        "nixpkgs": [
          "nixpkgs"
        ]
      },
      "locked": {
        "lastModified": 1772882125,
        "narHash": "sha256-rIZGWQ9IEUau/imDr4tpUahpoCye1mE+30GbCMAs7XM=",
        "owner": "halfdane",
        "repo": "prometheus-renderer",
        "rev": "9bcf1dbd0e5f81008cd2be4518f2a4333d9ba59a",
        "type": "github"
      },
      "original": {
        "owner": "halfdane",
        "repo": "prometheus-renderer",
        "type": "github"
      }
    },
    "root": {
      "inputs": {
        "agenix": "agenix",
        "disko": "disko",
        "fetching": "fetching",
        "home-manager": "home-manager_2",
        "ilias": "ilias",
        "nixarr": "nixarr",
        "nixos-aarch64-widevine": "nixos-aarch64-widevine",
        "nixpkgs": "nixpkgs_6",
        "plasma-manager": "plasma-manager",
        "prometheus-renderer": "prometheus-renderer"
      }
    },
    "rust-overlay": {
      "inputs": {
        "nixpkgs": [
          "fetching",
          "fetching-cli",
          "nixpkgs"
        ]
      },
      "locked": {
        "lastModified": 1772420823,
        "narHash": "sha256-q3oVwz1Rx41D1D+F6vg41kpOkk3Zi3KwnkHEZp7DCGs=",
        "owner": "oxalica",
        "repo": "rust-overlay",
        "rev": "458eea8d905c609e9d889423e6b8a1c7bc2f792c",
        "type": "github"
      },
      "original": {
        "owner": "oxalica",
        "repo": "rust-overlay",
        "type": "github"
      }
    },
    "systems": {
      "locked": {
        "lastModified": 1681028828,
        "narHash": "sha256-Vy1rq5AaRuLzOxct8nz4T6wlgyUR7zLU309k9mBC768=",
        "owner": "nix-systems",
        "repo": "default",
        "rev": "da67096a3b9bf56a91d16901293e51ba5b49a27e",
        "type": "github"
      },
      "original": {
        "owner": "nix-systems",
        "repo": "default",
        "type": "github"
      }
    },
    "systems_2": {
      "locked": {
        "lastModified": 1681028828,
        "narHash": "sha256-Vy1rq5AaRuLzOxct8nz4T6wlgyUR7zLU309k9mBC768=",
        "owner": "nix-systems",
        "repo": "default",
        "rev": "da67096a3b9bf56a91d16901293e51ba5b49a27e",
        "type": "github"
      },
      "original": {
        "owner": "nix-systems",
        "repo": "default",
        "type": "github"
      }
    },
    "systems_3": {
      "locked": {
        "lastModified": 1681028828,
        "narHash": "sha256-Vy1rq5AaRuLzOxct8nz4T6wlgyUR7zLU309k9mBC768=",
        "owner": "nix-systems",
        "repo": "default",
        "rev": "da67096a3b9bf56a91d16901293e51ba5b49a27e",
        "type": "github"
      },
      "original": {
        "owner": "nix-systems",
        "repo": "default",
        "type": "github"
      }
    },
    "systems_4": {
      "locked": {
        "lastModified": 1681028828,
        "narHash": "sha256-Vy1rq5AaRuLzOxct8nz4T6wlgyUR7zLU309k9mBC768=",
        "owner": "nix-systems",
        "repo": "default",
        "rev": "da67096a3b9bf56a91d16901293e51ba5b49a27e",
        "type": "github"
      },
      "original": {
        "owner": "nix-systems",
        "repo": "default",
        "type": "github"
      }
    },
    "systems_5": {
      "locked": {
        "lastModified": 1681028828,
        "narHash": "sha256-Vy1rq5AaRuLzOxct8nz4T6wlgyUR7zLU309k9mBC768=",
        "owner": "nix-systems",
        "repo": "default",
        "rev": "da67096a3b9bf56a91d16901293e51ba5b49a27e",
        "type": "github"
      },
      "original": {
        "owner": "nix-systems",
        "repo": "default",
        "type": "github"
      }
    },
    "vpnconfinement": {
      "locked": {
        "lastModified": 1765634578,
        "narHash": "sha256-Fujb9sn1cj+u/bzfo2RbQkcAvJ7Ch1pimJzFie4ptb4=",
        "owner": "Maroka-chan",
        "repo": "VPN-Confinement",
        "rev": "f2989e1e3cb06c7185939e9ddc368f88b998616a",
        "type": "github"
      },
      "original": {
        "owner": "Maroka-chan",
        "repo": "VPN-Confinement",
        "type": "github"
      }
    },
    "website-builder": {
      "inputs": {
        "nixpkgs": [
          "nixarr",
          "nixpkgs"
        ]
      },
      "locked": {
        "lastModified": 1753958235,
        "narHash": "sha256-Rd27XQJKv8Z4BCr3gdbaHFd0TmumiGxdjGRzsEf/mOg=",
        "owner": "rasmus-kirk",
        "repo": "website-builder",
        "rev": "00a14b7ae7baef2197978ba7c3fe72dfca7bc475",
        "type": "github"
      },
      "original": {
        "owner": "rasmus-kirk",
        "repo": "website-builder",
        "type": "github"
      }
    }
  },
  "root": "root",
  "version": 7
}
